
Microsoft Visual Studio Solution File, Format Version 12.00
# Visual Studio Version 17
VisualStudioVersion = 17.10.35013.160
MinimumVisualStudioVersion = 10.0.40219.1
Project("{FAE04EC0-301F-11D3-BF4B-00C04F79EFBC}") = "Shopping_System_Project", "Shopping_System_Project\Shopping_System_Project.csproj", "{B4AACFCA-373B-412A-9736-A8EF64E5317F}"
EndProject
Global
	GlobalSection(SolutionConfigurationPlatforms) = preSolution
		Debug|Any CPU = Debug|Any CPU
		Release|Any CPU = Release|Any CPU
	EndGlobalSection
	GlobalSection(ProjectConfigurationPlatforms) = postSolution
		{B4AACFCA-373B-412A-9736-A8EF64E5317F}.Debug|Any CPU.ActiveCfg = Debug|Any CPU
		{B4AACFCA-373B-412A-9736-A8EF64E5317F}.Debug|Any CPU.Build.0 = Debug|Any CPU
		{B4AACFCA-373B-412A-9736-A8EF64E5317F}.Release|Any CPU.ActiveCfg = Release|Any CPU
		{B4AACFCA-373B-412A-9736-A8EF64E5317F}.Release|Any CPU.Build.0 = Release|Any CPU
	EndGlobalSection
	GlobalSection(SolutionProperties) = preSolution
		HideSolutionNode = FALSE
	EndGlobalSection
	GlobalSection(ExtensibilityGlobals) = postSolution
		SolutionGuid = {8F1CCC98-B9DB-428D-BF54-B1116FE330D2}
	EndGlobalSection
EndGlobal
